schema: '2.0'
stages:
  LoadEnzymeML:
    cmd: "python3 -c \"from src.load import LoadEnzymeML; LoadEnzymeML.load(name='LoadEnzymeML').run_and_save()\"\
      \ "
    params:
      params.yaml:
        LoadEnzymeML:
          path: Test.omex
    outs:
    - path: nodes/LoadEnzymeML/outs.json
      md5: 71aa947d6ce0a4628c53d95e78ea022d
      size: 45080
  Alocohol dehydrogenation:
    cmd: "python3 -c \"from src.model import Model; Model.load(name='Alocohol dehydrogenation').run_and_save()\"\
      \ "
    deps:
    - path: nodes/LoadEnzymeML/outs.json
      md5: 71aa947d6ce0a4628c53d95e78ea022d
      size: 45080
    params:
      params.yaml:
        Alocohol dehydrogenation:
          config:
            a:
              initial_value: 2
              lower: 1
              unit: dimensionless
              upper: 3
              value: 2
            b:
              initial_value: 2
              lower: 0.1
              unit: mmole / l
              upper: 11
              value: 2
            d:
              initial_value: 2
              lower: 0.1
              unit: mmole / l
              upper: 11
              value: 2
            e:
              initial_value: 2
              lower: 0.1
              unit: mmole / l
              upper: 11
              value: 2
          equation: ethanol * a + b + d + e
          reaction: r0
    outs:
    - path: nodes/Alocohol dehydrogenation/outs.json
      md5: 7ebe926be816c91e9cddaf8677bf4b1e
      size: 59122
  ParameterEstimation:
    cmd: "python3 -c \"from src.estimation import ParameterEstimation; ParameterEstimation.load(name='ParameterEstimation').run_and_save()\"\
      \ "
    deps:
    - path: nodes/Alocohol dehydrogenation/outs.json
      md5: 7ebe926be816c91e9cddaf8677bf4b1e
      size: 59122
    params:
      params.yaml:
        ParameterEstimation:
          thinlayer: pysces
    outs:
    - path: nodes/ParameterEstimation/metrics_no_cache.json
      md5: 4403fe3133c2675a068d11cc08c1551f
      size: 202
