schema: '2.0'
stages:
  LoadEnzymeML:
    cmd: "python3 -c \"from src.load import LoadEnzymeML; LoadEnzymeML.load(name='LoadEnzymeML').run_and_save()\"\
      \ "
    params:
      params.yaml:
        LoadEnzymeML:
          path: Test.omex
    outs:
    - path: nodes/LoadEnzymeML/outs.json
      md5: 1d4a2dd8ccefa7aa210a050ef9e96713
      size: 45080
  Alocohol dehydrogenation:
    cmd: "python3 -c \"from src.model import Model; Model.load(name='Alocohol dehydrogenation').run_and_save()\"\
      \ "
    deps:
    - path: nodes/LoadEnzymeML/outs.json
      md5: 1d4a2dd8ccefa7aa210a050ef9e96713
      size: 45080
    params:
      params.yaml:
        Alocohol dehydrogenation:
          config:
            a:
              initial_value: 2
              lower: 1
              unit: dimensionless
              upper: 3
              value: 2
          equation: ethanol * a
          reaction: r0
    outs:
    - path: nodes/Alocohol dehydrogenation/outs.json
      md5: 00717a366050740f1115b592115c7abb
      size: 54656
  ParameterEstimation:
    cmd: "python3 -c \"from src.estimation import ParameterEstimation; ParameterEstimation.load(name='ParameterEstimation').run_and_save()\"\
      \ "
    deps:
    - path: nodes/Alocohol dehydrogenation/outs.json
      md5: 00717a366050740f1115b592115c7abb
      size: 54656
    params:
      params.yaml:
        ParameterEstimation:
          thinlayer: pysces
    outs:
    - path: nodes/ParameterEstimation/metrics_no_cache.json
      md5: 669640268b11b13d89c8f61ffce0e42c
      size: 91
